// !$*UTF8*$!
{
	archiveVersion = 1;
	classes = {
	};
	objectVersion = 50;
	objects = {

/* Begin PBXBuildFile section */
		3F235FAC21C501F9008C39C6 /* AppDelegate.swift in Sources */ = {isa = PBXBuildFile; fileRef = 3F235FAB21C501F9008C39C6 /* AppDelegate.swift */; };
		3F235FAE21C501FA008C39C6 /* ViewController.swift in Sources */ = {isa = PBXBuildFile; fileRef = 3F235FAD21C501FA008C39C6 /* ViewController.swift */; };
		3F235FB121C501FA008C39C6 /* Main.storyboard in Resources */ = {isa = PBXBuildFile; fileRef = 3F235FAF21C501FA008C39C6 /* Main.storyboard */; };
		3F235FB321C501FA008C39C6 /* Assets.xcassets in Resources */ = {isa = PBXBuildFile; fileRef = 3F235FB221C501FA008C39C6 /* Assets.xcassets */; };
		3F235FB621C501FA008C39C6 /* LaunchScreen.storyboard in Resources */ = {isa = PBXBuildFile; fileRef = 3F235FB421C501FA008C39C6 /* LaunchScreen.storyboard */; };
		3F235FBE21C506BC008C39C6 /* Concentation.swift in Sources */ = {isa = PBXBuildFile; fileRef = 3F235FBD21C506BC008C39C6 /* Concentation.swift */; };
		3F235FC021C50727008C39C6 /* Card.swift in Sources */ = {isa = PBXBuildFile; fileRef = 3F235FBF21C50727008C39C6 /* Card.swift */; };
/* End PBXBuildFile section */

/* Begin PBXFileReference section */
		3F235FA821C501F9008C39C6 /* seventhProject.app */ = {isa = PBXFileReference; explicitFileType = wrapper.application; includeInIndex = 0; path = seventhProject.app; sourceTree = BUILT_PRODUCTS_DIR; };
		3F235FAB21C501F9008C39C6 /* AppDelegate.swift */ = {isa = PBXFileReference; lastKnownFileType = sourcecode.swift; path = AppDelegate.swift; sourceTree = "<group>"; };
		3F235FAD21C501FA008C39C6 /* ViewController.swift */ = {isa = PBXFileReference; lastKnownFileType = sourcecode.swift; path = ViewController.swift; sourceTree = "<group>"; };
		3F235FB021C501FA008C39C6 /* Base */ = {isa = PBXFileReference; lastKnownFileType = file.storyboard; name = Base; path = Base.lproj/Main.storyboard; sourceTree = "<group>"; };
		3F235FB221C501FA008C39C6 /* Assets.xcassets */ = {isa = PBXFileReference; lastKnownFileType = folder.assetcatalog; path = Assets.xcassets; sourceTree = "<group>"; };
		3F235FB521C501FA008C39C6 /* Base */ = {isa = PBXFileReference; lastKnownFileType = file.storyboard; name = Base; path = Base.lproj/LaunchScreen.storyboard; sourceTree = "<group>"; };
		3F235FB721C501FA008C39C6 /* Info.plist */ = {isa = PBXFileReference; lastKnownFileType = text.plist.xml; path = Info.plist; sourceTree = "<group>"; };
		3F235FBD21C506BC008C39C6 /* Concentation.swift */ = {isa = PBXFileReference; lastKnownFileType = sourcecode.swift; path = Concentation.swift; sourceTree = "<group>"; };
		3F235FBF21C50727008C39C6 /* Card.swift */ = {isa = PBXFileReference; lastKnownFileType = sourcecode.swift; path = Card.swift; sourceTree = "<group>"; };
/* End PBXFileReference section */

/* Begin PBXFrameworksBuildPhase section */
		3F235FA521C501F9008C39C6 /* Frameworks */ = {
			isa = PBXFrameworksBuildPhase;
			buildActionMask = 2147483647;
			files = (
			);
			runOnlyForDeploymentPostprocessing = 0;
		};
/* End PBXFrameworksBuildPhase section */

/* Begin PBXGroup section */
		3F235F9F21C501F9008C39C6 = {
			isa = PBXGroup;
			children = (
				3F235FAA21C501F9008C39C6 /* seventhProject */,
				3F235FA921C501F9008C39C6 /* Products */,
			);
			sourceTree = "<group>";
		};
		3F235FA921C501F9008C39C6 /* Products */ = {
			isa = PBXGroup;
			children = (
				3F235FA821C501F9008C39C6 /* seventhProject.app */,
			);
			name = Products;
			sourceTree = "<group>";
		};
		3F235FAA21C501F9008C39C6 /* seventhProject */ = {
			isa = PBXGroup;
			children = (
				3F235FAB21C501F9008C39C6 /* AppDelegate.swift */,
				3F235FAD21C501FA008C39C6 /* ViewController.swift */,
				3F235FAF21C501FA008C39C6 /* Main.storyboard */,
				3F235FB221C501FA008C39C6 /* Assets.xcassets */,
				3F235FB421C501FA008C39C6 /* LaunchScreen.storyboard */,
				3F235FB721C501FA008C39C6 /* Info.plist */,
				3F235FBF21C50727008C39C6 /* Card.swift */,
				3F235FBD21C506BC008C39C6 /* Concentation.swift */,
			);
			path = seventhProject;
			sourceTree = "<group>";
		};
/* End PBXGroup section */

/* Begin PBXNativeTarget section */
		3F235FA721C501F9008C39C6 /* seventhProject */ = {
			isa = PBXNativeTarget;
			buildConfigurationList = 3F235FBA21C501FA008C39C6 /* Build configuration list for PBXNativeTarget "seventhProject" */;
			buildPhases = (
				3F235FA421C501F9008C39C6 /* Sources */,
				3F235FA521C501F9008C39C6 /* Frameworks */,
				3F235FA621C501F9008C39C6 /* Resources */,
			);
			buildRules = (
			);
			dependencies = (
			);
			name = seventhProject;
			productName = seventhProject;
			productReference = 3F235FA821C501F9008C39C6 /* seventhProject.app */;
			productType = "com.apple.product-type.application";
		};
/* End PBXNativeTarget section */

/* Begin PBXProject section */
		3F235FA021C501F9008C39C6 /* Project object */ = {
			isa = PBXProject;
			attributes = {
				LastSwiftUpdateCheck = 1000;
				LastUpgradeCheck = 1000;
				ORGANIZATIONNAME = dw;
				TargetAttributes = {
					3F235FA721C501F9008C39C6 = {
						CreatedOnToolsVersion = 10.0;
					};
				};
			};
			buildConfigurationList = 3F235FA321C501F9008C39C6 /* Build configuration list for PBXProject "seventhProject" */;
			compatibilityVersion = "Xcode 9.3";
			developmentRegion = en;
			hasScannedForEncodings = 0;
			knownRegions = (
				en,
				Base,
			);
			mainGroup = 3F235F9F21C501F9008C39C6;
			productRefGroup = 3F235FA921C501F9008C39C6 /* Products */;
			projectDirPath = "";
			projectRoot = "";
			targets = (
				3F235FA721C501F9008C39C6 /* seventhProject */,
			);
		};
/* End PBXProject section */

/* Begin PBXResourcesBuildPhase section */
		3F235FA621C501F9008C39C6 /* Resources */ = {
			isa = PBXResourcesBuildPhase;
			buildActionMask = 2147483647;
			files = (
				3F235FB621C501FA008C39C6 /* LaunchScreen.storyboard in Resources */,
				3F235FB321C501FA008C39C6 /* Assets.xcassets in Resources */,
				3F235FB121C501FA008C39C6 /* Main.storyboard in Resources */,
			);
			runOnlyForDeploymentPostprocessing = 0;
		};
/* End PBXResourcesBuildPhase section */

/* Begin PBXSourcesBuildPhase section */
		3F235FA421C501F9008C39C6 /* Sources */ = {
			isa = PBXSourcesBuildPhase;
			buildActionMask = 2147483647;
			files = (
				3F235FBE21C506BC008C39C6 /* Concentation.swift in Sources */,
				3F235FAE21C501FA008C39C6 /* ViewController.swift in Sources */,
				3F235FAC21C501F9008C39C6 /* AppDelegate.swift in Sources */,
				3F235FC021C50727008C39C6 /* Card.swift in Sources */,
			);
			runOnlyForDeploymentPostprocessing = 0;
		};
/* End PBXSourcesBuildPhase section */

/* Begin PBXVariantGroup section */
		3F235FAF21C501FA008C39C6 /* Main.storyboard */ = {
			isa = PBXVariantGroup;
			children = (
				3F235FB021C501FA008C39C6 /* Base */,
			);
			name = Main.storyboard;
			sourceTree = "<group>";
		};
		3F235FB421C501FA008C39C6 /* LaunchScreen.storyboard */ = {
			isa = PBXVariantGroup;
			children = (
				3F235FB521C501FA008C39C6 /* Base */,
			);
			name = LaunchScreen.storyboard;
			sourceTree = "<group>";
		};
/* End PBXVariantGroup section */

/* Begin XCBuildConfiguration section */
		3F235FB821C501FA008C39C6 /* Debug */ = {
			isa = XCBuildConfiguration;
			buildSettings = {
				ALWAYS_SEARCH_USER_PATHS = NO;
				CLANG_ANALYZER_NONNULL = YES;
				CLANG_ANALYZER_NUMBER_OBJECT_CONVERSION = YES_AGGRESSIVE;
				CLANG_CXX_LANGUAGE_STANDARD = "gnu++14";
				CLANG_CXX_LIBRARY = "libc++";
				CLANG_ENABLE_MODULES = YES;
				CLANG_ENABLE_OBJC_ARC = YES;
				CLANG_ENABLE_OBJC_WEAK = YES;
				CLANG_WARN_BLOCK_CAPTURE_AUTORELEASING = YES;
				CLANG_WARN_BOOL_CONVERSION = YES;
				CLANG_WARN_COMMA = YES;
				CLANG_WARN_CONSTANT_CONVERSION = YES;
				CLANG_WARN_DEPRECATED_OBJC_IMPLEMENTATIONS = YES;
				CLANG_WARN_DIRECT_OBJC_ISA_USAGE = YES_ERROR;
				CLANG_WARN_DOCUMENTATION_COMMENTS = YES;
				CLANG_WARN_EMPTY_BODY = YES;
				CLANG_WARN_ENUM_CONVERSION = YES;
				CLANG_WARN_INFINITE_RECURSION = YES;
				CLANG_WARN_INT_CONVERSION = YES;
				CLANG_WARN_NON_LITERAL_NULL_CONVERSION = YES;
				CLANG_WARN_OBJC_IMPLICIT_RETAIN_SELF = YES;
				CLANG_WARN_OBJC_LITERAL_CONVERSION = YES;
				CLANG_WARN_OBJC_ROOT_CLASS = YES_ERROR;
				CLANG_WARN_RANGE_LOOP_ANALYSIS = YES;
				CLANG_WARN_STRICT_PROTOTYPES = YES;
				CLANG_WARN_SUSPICIOUS_MOVE = YES;
				CLANG_WARN_UNGUARDED_AVAILABILITY = YES_AGGRESSIVE;
				CLANG_WARN_UNREACHABLE_CODE = YES;
				CLANG_WARN__DUPLICATE_METHOD_MATCH = YES;
				CODE_SIGN_IDENTITY = "iPhone Developer";
				COPY_PHASE_STRIP = NO;
				DEBUG_INFORMATION_FORMAT = dwarf;
				ENABLE_STRICT_OBJC_MSGSEND = YES;
				ENABLE_TESTABILITY = YES;
				GCC_C_LANGUAGE_STANDARD = gnu11;
				GCC_DYNAMIC_NO_PIC = NO;
				GCC_NO_COMMON_BLOCKS = YES;
				GCC_OPTIMIZATION_LEVEL = 0;
				GCC_PREPROCESSOR_DEFINITIONS = (
					"DEBUG=1",
					"$(inherited)",
				);
				GCC_WARN_64_TO_32_BIT_CONVERSION = YES;
				GCC_WARN_ABOUT_RETURN_TYPE = YES_ERROR;
				GCC_WARN_UNDECLARED_SELECTOR = YES;
				GCC_WARN_UNINITIALIZED_AUTOS = YES_AGGRESSIVE;
				GCC_WARN_UNUSED_FUNCTION = YES;
				GCC_WARN_UNUSED_VARIABLE = YES;
				IPHONEOS_DEPLOYMENT_TARGET = 12.0;
				MTL_ENABLE_DEBUG_INFO = INCLUDE_SOURCE;
				MTL_FAST_MATH = YES;
				ONLY_ACTIVE_ARCH = YES;
				SDKROOT = iphoneos;
				SWIFT_ACTIVE_COMPILATION_CONDITIONS = DEBUG;
				SWIFT_OPTIMIZATION_LEVEL = "-Onone";
			};
			name = Debug;
		};
		3F235FB921C501FA008C39C6 /* Release */ = {
			isa = XCBuildConfiguration;
			buildSettings = {
				ALWAYS_SEARCH_USER_PATHS = NO;
				CLANG_ANALYZER_NONNULL = YES;
				CLANG_ANALYZER_NUMBER_OBJECT_CONVERSION = YES_AGGRESSIVE;
				CLANG_CXX_LANGUAGE_STANDARD = "gnu++14";
				CLANG_CXX_LIBRARY = "libc++";
				CLANG_ENABLE_MODULES = YES;
				CLANG_ENABLE_OBJC_ARC = YES;
				CLANG_ENABLE_OBJC_WEAK = YES;
				CLANG_WARN_BLOCK_CAPTURE_AUTORELEASING = YES;
				CLANG_WARN_BOOL_CONVERSION = YES;
				CLANG_WARN_COMMA = YES;
				CLANG_WARN_CONSTANT_CONVERSION = YES;
				CLANG_WARN_DEPRECATED_OBJC_IMPLEMENTATIONS = YES;
				CLANG_WARN_DIRECT_OBJC_ISA_USAGE = YES_ERROR;
				CLANG_WARN_DOCUMENTATION_COMMENTS = YES;
				CLANG_WARN_EMPTY_BODY = YES;
				CLANG_WARN_ENUM_CONVERSION = YES;
				CLANG_WARN_INFINITE_RECURSION = YES;
				CLANG_WARN_INT_CONVERSION = YES;
				CLANG_WARN_NON_LITERAL_NULL_CONVERSION = YES;
				CLANG_WARN_OBJC_IMPLICIT_RETAIN_SELF = YES;
				CLANG_WARN_OBJC_LITERAL_CONVERSION = YES;
				CLANG_WARN_OBJC_ROOT_CLASS = YES_ERROR;
				CLANG_WARN_RANGE_LOOP_ANALYSIS = YES;
				CLANG_WARN_STRICT_PROTOTYPES = YES;
				CLANG_WARN_SUSPICIOUS_MOVE = YES;
				CLANG_WARN_UNGUARDED_AVAILABILITY = YES_AGGRESSIVE;
				CLANG_WARN_UNREACHABLE_CODE = YES;
				CLANG_WARN__DUPLICATE_METHOD_MATCH = YES;
				CODE_SIGN_IDENTITY = "iPhone Developer";
				COPY_PHASE_STRIP = NO;
				DEBUG_INFORMATION_FORMAT = "dwarf-with-dsym";
				ENABLE_NS_ASSERTIONS = NO;
				ENABLE_STRICT_OBJC_MSGSEND = YES;
				GCC_C_LANGUAGE_STANDARD = gnu11;
				GCC_NO_COMMON_BLOCKS = YES;
				GCC_WARN_64_TO_32_BIT_CONVERSION = YES;
				GCC_WARN_ABOUT_RETURN_TYPE = YES_ERROR;
				GCC_WARN_UNDECLARED_SELECTOR = YES;
				GCC_WARN_UNINITIALIZED_AUTOS = YES_AGGRESSIVE;
				GCC_WARN_UNUSED_FUNCTION = YES;
				GCC_WARN_UNUSED_VARIABLE = YES;
				IPHONEOS_DEPLOYMENT_TARGET = 12.0;
				MTL_ENABLE_DEBUG_INFO = NO;
				MTL_FAST_MATH = YES;
				SDKROOT = iphoneos;
				SWIFT_COMPILATION_MODE = wholemodule;
				SWIFT_OPTIMIZATION_LEVEL = "-O";
				VALIDATE_PRODUCT = YES;
			};
			name = Release;
		};
		3F235FBB21C501FA008C39C6 /* Debug */ = {
			isa = XCBuildConfiguration;
			buildSettings = {
				ASSETCATALOG_COMPILER_APPICON_NAME = AppIcon;
				CODE_SIGN_STYLE = Automatic;
				INFOPLIST_FILE = seventhProject/Info.plist;
				LD_RUNPATH_SEARCH_PATHS = (
					"$(inherited)",
					"@executable_path/Frameworks",
				);
				PRODUCT_BUNDLE_IDENTIFIER = "-016110304.seventhProject";
				PRODUCT_NAME = "$(TARGET_NAME)";
				SWIFT_VERSION = 4.2;
				TARGETED_DEVICE_FAMILY = "1,2";
			};
			name = Debug;
		};
		3F235FBC21C501FA008C39C6 /* Release */ = {
			isa = XCBuildConfiguration;
			buildSettings = {
				ASSETCATALOG_COMPILER_APPICON_NAME = AppIcon;
				CODE_SIGN_STYLE = Automatic;
				INFOPLIST_FILE = seventhProject/Info.plist;
				LD_RUNPATH_SEARCH_PATHS = (
					"$(inherited)",
					"@executable_path/Frameworks",
				);
				PRODUCT_BUNDLE_IDENTIFIER = "-016110304.seventhProject";
				PRODUCT_NAME = "$(TARGET_NAME)";
				SWIFT_VERSION = 4.2;
				TARGETED_DEVICE_FAMILY = "1,2";
			};
			name = Release;
		};
/* End XCBuildConfiguration section */

/* Begin XCConfigurationList section */
		3F235FA321C501F9008C39C6 /* Build configuration list for PBXProject "seventhProject" */ = {
			isa = XCConfigurationList;
			buildConfigurations = (
				3F235FB821C501FA008C39C6 /* Debug */,
				3F235FB921C501FA008C39C6 /* Release */,
			);
			defaultConfigurationIsVisible = 0;
			defaultConfigurationName = Release;
		};
		3F235FBA21C501FA008C39C6 /* Build configuration list for PBXNativeTarget "seventhProject" */ = {
			isa = XCConfigurationList;
			buildConfigurations = (
				3F235FBB21C501FA008C39C6 /* Debug */,
				3F235FBC21C501FA008C39C6 /* Release */,
			);
			defaultConfigurationIsVisible = 0;
			defaultConfigurationName = Release;
		};
/* End XCConfigurationList section */
	};
	rootObject = 3F235FA021C501F9008C39C6 /* Project object */;
}
