// !$*UTF8*$!
{
	archiveVersion = 1;
	classes = {
	};
	objectVersion = 50;
	objects = {

/* Begin PBXBuildFile section */
		3F05D97621C25529005BD470 /* AppDelegate.swift in Sources */ = {isa = PBXBuildFile; fileRef = 3F05D97521C25529005BD470 /* AppDelegate.swift */; };
		3F05D97821C25529005BD470 /* ViewController.swift in Sources */ = {isa = PBXBuildFile; fileRef = 3F05D97721C25529005BD470 /* ViewController.swift */; };
		3F05D97B21C25529005BD470 /* Main.storyboard in Resources */ = {isa = PBXBuildFile; fileRef = 3F05D97921C25529005BD470 /* Main.storyboard */; };
		3F05D97D21C2552A005BD470 /* Assets.xcassets in Resources */ = {isa = PBXBuildFile; fileRef = 3F05D97C21C2552A005BD470 /* Assets.xcassets */; };
		3F05D98021C2552A005BD470 /* LaunchScreen.storyboard in Resources */ = {isa = PBXBuildFile; fileRef = 3F05D97E21C2552A005BD470 /* LaunchScreen.storyboard */; };
		3F05D98B21C2552A005BD470 /* ninethProjectSrollTests.swift in Sources */ = {isa = PBXBuildFile; fileRef = 3F05D98A21C2552A005BD470 /* ninethProjectSrollTests.swift */; };
		3F05D99621C2552B005BD470 /* ninethProjectSrollUITests.swift in Sources */ = {isa = PBXBuildFile; fileRef = 3F05D99521C2552B005BD470 /* ninethProjectSrollUITests.swift */; };
/* End PBXBuildFile section */

/* Begin PBXContainerItemProxy section */
		3F05D98721C2552A005BD470 /* PBXContainerItemProxy */ = {
			isa = PBXContainerItemProxy;
			containerPortal = 3F05D96A21C25529005BD470 /* Project object */;
			proxyType = 1;
			remoteGlobalIDString = 3F05D97121C25529005BD470;
			remoteInfo = ninethProjectSroll;
		};
		3F05D99221C2552B005BD470 /* PBXContainerItemProxy */ = {
			isa = PBXContainerItemProxy;
			containerPortal = 3F05D96A21C25529005BD470 /* Project object */;
			proxyType = 1;
			remoteGlobalIDString = 3F05D97121C25529005BD470;
			remoteInfo = ninethProjectSroll;
		};
/* End PBXContainerItemProxy section */

/* Begin PBXFileReference section */
		3F05D97221C25529005BD470 /* ninethProjectSroll.app */ = {isa = PBXFileReference; explicitFileType = wrapper.application; includeInIndex = 0; path = ninethProjectSroll.app; sourceTree = BUILT_PRODUCTS_DIR; };
		3F05D97521C25529005BD470 /* AppDelegate.swift */ = {isa = PBXFileReference; lastKnownFileType = sourcecode.swift; path = AppDelegate.swift; sourceTree = "<group>"; };
		3F05D97721C25529005BD470 /* ViewController.swift */ = {isa = PBXFileReference; lastKnownFileType = sourcecode.swift; path = ViewController.swift; sourceTree = "<group>"; };
		3F05D97A21C25529005BD470 /* Base */ = {isa = PBXFileReference; lastKnownFileType = file.storyboard; name = Base; path = Base.lproj/Main.storyboard; sourceTree = "<group>"; };
		3F05D97C21C2552A005BD470 /* Assets.xcassets */ = {isa = PBXFileReference; lastKnownFileType = folder.assetcatalog; path = Assets.xcassets; sourceTree = "<group>"; };
		3F05D97F21C2552A005BD470 /* Base */ = {isa = PBXFileReference; lastKnownFileType = file.storyboard; name = Base; path = Base.lproj/LaunchScreen.storyboard; sourceTree = "<group>"; };
		3F05D98121C2552A005BD470 /* Info.plist */ = {isa = PBXFileReference; lastKnownFileType = text.plist.xml; path = Info.plist; sourceTree = "<group>"; };
		3F05D98621C2552A005BD470 /* ninethProjectSrollTests.xctest */ = {isa = PBXFileReference; explicitFileType = wrapper.cfbundle; includeInIndex = 0; path = ninethProjectSrollTests.xctest; sourceTree = BUILT_PRODUCTS_DIR; };
		3F05D98A21C2552A005BD470 /* ninethProjectSrollTests.swift */ = {isa = PBXFileReference; lastKnownFileType = sourcecode.swift; path = ninethProjectSrollTests.swift; sourceTree = "<group>"; };
		3F05D98C21C2552B005BD470 /* Info.plist */ = {isa = PBXFileReference; lastKnownFileType = text.plist.xml; path = Info.plist; sourceTree = "<group>"; };
		3F05D99121C2552B005BD470 /* ninethProjectSrollUITests.xctest */ = {isa = PBXFileReference; explicitFileType = wrapper.cfbundle; includeInIndex = 0; path = ninethProjectSrollUITests.xctest; sourceTree = BUILT_PRODUCTS_DIR; };
		3F05D99521C2552B005BD470 /* ninethProjectSrollUITests.swift */ = {isa = PBXFileReference; lastKnownFileType = sourcecode.swift; path = ninethProjectSrollUITests.swift; sourceTree = "<group>"; };
		3F05D99721C2552B005BD470 /* Info.plist */ = {isa = PBXFileReference; lastKnownFileType = text.plist.xml; path = Info.plist; sourceTree = "<group>"; };
/* End PBXFileReference section */

/* Begin PBXFrameworksBuildPhase section */
		3F05D96F21C25529005BD470 /* Frameworks */ = {
			isa = PBXFrameworksBuildPhase;
			buildActionMask = 2147483647;
			files = (
			);
			runOnlyForDeploymentPostprocessing = 0;
		};
		3F05D98321C2552A005BD470 /* Frameworks */ = {
			isa = PBXFrameworksBuildPhase;
			buildActionMask = 2147483647;
			files = (
			);
			runOnlyForDeploymentPostprocessing = 0;
		};
		3F05D98E21C2552B005BD470 /* Frameworks */ = {
			isa = PBXFrameworksBuildPhase;
			buildActionMask = 2147483647;
			files = (
			);
			runOnlyForDeploymentPostprocessing = 0;
		};
/* End PBXFrameworksBuildPhase section */

/* Begin PBXGroup section */
		3F05D96921C25529005BD470 = {
			isa = PBXGroup;
			children = (
				3F05D97421C25529005BD470 /* ninethProjectSroll */,
				3F05D98921C2552A005BD470 /* ninethProjectSrollTests */,
				3F05D99421C2552B005BD470 /* ninethProjectSrollUITests */,
				3F05D97321C25529005BD470 /* Products */,
			);
			sourceTree = "<group>";
		};
		3F05D97321C25529005BD470 /* Products */ = {
			isa = PBXGroup;
			children = (
				3F05D97221C25529005BD470 /* ninethProjectSroll.app */,
				3F05D98621C2552A005BD470 /* ninethProjectSrollTests.xctest */,
				3F05D99121C2552B005BD470 /* ninethProjectSrollUITests.xctest */,
			);
			name = Products;
			sourceTree = "<group>";
		};
		3F05D97421C25529005BD470 /* ninethProjectSroll */ = {
			isa = PBXGroup;
			children = (
				3F05D97521C25529005BD470 /* AppDelegate.swift */,
				3F05D97721C25529005BD470 /* ViewController.swift */,
				3F05D97921C25529005BD470 /* Main.storyboard */,
				3F05D97C21C2552A005BD470 /* Assets.xcassets */,
				3F05D97E21C2552A005BD470 /* LaunchScreen.storyboard */,
				3F05D98121C2552A005BD470 /* Info.plist */,
			);
			path = ninethProjectSroll;
			sourceTree = "<group>";
		};
		3F05D98921C2552A005BD470 /* ninethProjectSrollTests */ = {
			isa = PBXGroup;
			children = (
				3F05D98A21C2552A005BD470 /* ninethProjectSrollTests.swift */,
				3F05D98C21C2552B005BD470 /* Info.plist */,
			);
			path = ninethProjectSrollTests;
			sourceTree = "<group>";
		};
		3F05D99421C2552B005BD470 /* ninethProjectSrollUITests */ = {
			isa = PBXGroup;
			children = (
				3F05D99521C2552B005BD470 /* ninethProjectSrollUITests.swift */,
				3F05D99721C2552B005BD470 /* Info.plist */,
			);
			path = ninethProjectSrollUITests;
			sourceTree = "<group>";
		};
/* End PBXGroup section */

/* Begin PBXNativeTarget section */
		3F05D97121C25529005BD470 /* ninethProjectSroll */ = {
			isa = PBXNativeTarget;
			buildConfigurationList = 3F05D99A21C2552B005BD470 /* Build configuration list for PBXNativeTarget "ninethProjectSroll" */;
			buildPhases = (
				3F05D96E21C25529005BD470 /* Sources */,
				3F05D96F21C25529005BD470 /* Frameworks */,
				3F05D97021C25529005BD470 /* Resources */,
			);
			buildRules = (
			);
			dependencies = (
			);
			name = ninethProjectSroll;
			productName = ninethProjectSroll;
			productReference = 3F05D97221C25529005BD470 /* ninethProjectSroll.app */;
			productType = "com.apple.product-type.application";
		};
		3F05D98521C2552A005BD470 /* ninethProjectSrollTests */ = {
			isa = PBXNativeTarget;
			buildConfigurationList = 3F05D99D21C2552B005BD470 /* Build configuration list for PBXNativeTarget "ninethProjectSrollTests" */;
			buildPhases = (
				3F05D98221C2552A005BD470 /* Sources */,
				3F05D98321C2552A005BD470 /* Frameworks */,
				3F05D98421C2552A005BD470 /* Resources */,
			);
			buildRules = (
			);
			dependencies = (
				3F05D98821C2552A005BD470 /* PBXTargetDependency */,
			);
			name = ninethProjectSrollTests;
			productName = ninethProjectSrollTests;
			productReference = 3F05D98621C2552A005BD470 /* ninethProjectSrollTests.xctest */;
			productType = "com.apple.product-type.bundle.unit-test";
		};
		3F05D99021C2552B005BD470 /* ninethProjectSrollUITests */ = {
			isa = PBXNativeTarget;
			buildConfigurationList = 3F05D9A021C2552B005BD470 /* Build configuration list for PBXNativeTarget "ninethProjectSrollUITests" */;
			buildPhases = (
				3F05D98D21C2552B005BD470 /* Sources */,
				3F05D98E21C2552B005BD470 /* Frameworks */,
				3F05D98F21C2552B005BD470 /* Resources */,
			);
			buildRules = (
			);
			dependencies = (
				3F05D99321C2552B005BD470 /* PBXTargetDependency */,
			);
			name = ninethProjectSrollUITests;
			productName = ninethProjectSrollUITests;
			productReference = 3F05D99121C2552B005BD470 /* ninethProjectSrollUITests.xctest */;
			productType = "com.apple.product-type.bundle.ui-testing";
		};
/* End PBXNativeTarget section */

/* Begin PBXProject section */
		3F05D96A21C25529005BD470 /* Project object */ = {
			isa = PBXProject;
			attributes = {
				LastSwiftUpdateCheck = 1000;
				LastUpgradeCheck = 1000;
				ORGANIZATIONNAME = dw;
				TargetAttributes = {
					3F05D97121C25529005BD470 = {
						CreatedOnToolsVersion = 10.0;
					};
					3F05D98521C2552A005BD470 = {
						CreatedOnToolsVersion = 10.0;
						TestTargetID = 3F05D97121C25529005BD470;
					};
					3F05D99021C2552B005BD470 = {
						CreatedOnToolsVersion = 10.0;
						TestTargetID = 3F05D97121C25529005BD470;
					};
				};
			};
			buildConfigurationList = 3F05D96D21C25529005BD470 /* Build configuration list for PBXProject "ninethProjectSroll" */;
			compatibilityVersion = "Xcode 9.3";
			developmentRegion = en;
			hasScannedForEncodings = 0;
			knownRegions = (
				en,
				Base,
			);
			mainGroup = 3F05D96921C25529005BD470;
			productRefGroup = 3F05D97321C25529005BD470 /* Products */;
			projectDirPath = "";
			projectRoot = "";
			targets = (
				3F05D97121C25529005BD470 /* ninethProjectSroll */,
				3F05D98521C2552A005BD470 /* ninethProjectSrollTests */,
				3F05D99021C2552B005BD470 /* ninethProjectSrollUITests */,
			);
		};
/* End PBXProject section */

/* Begin PBXResourcesBuildPhase section */
		3F05D97021C25529005BD470 /* Resources */ = {
			isa = PBXResourcesBuildPhase;
			buildActionMask = 2147483647;
			files = (
				3F05D98021C2552A005BD470 /* LaunchScreen.storyboard in Resources */,
				3F05D97D21C2552A005BD470 /* Assets.xcassets in Resources */,
				3F05D97B21C25529005BD470 /* Main.storyboard in Resources */,
			);
			runOnlyForDeploymentPostprocessing = 0;
		};
		3F05D98421C2552A005BD470 /* Resources */ = {
			isa = PBXResourcesBuildPhase;
			buildActionMask = 2147483647;
			files = (
			);
			runOnlyForDeploymentPostprocessing = 0;
		};
		3F05D98F21C2552B005BD470 /* Resources */ = {
			isa = PBXResourcesBuildPhase;
			buildActionMask = 2147483647;
			files = (
			);
			runOnlyForDeploymentPostprocessing = 0;
		};
/* End PBXResourcesBuildPhase section */

/* Begin PBXSourcesBuildPhase section */
		3F05D96E21C25529005BD470 /* Sources */ = {
			isa = PBXSourcesBuildPhase;
			buildActionMask = 2147483647;
			files = (
				3F05D97821C25529005BD470 /* ViewController.swift in Sources */,
				3F05D97621C25529005BD470 /* AppDelegate.swift in Sources */,
			);
			runOnlyForDeploymentPostprocessing = 0;
		};
		3F05D98221C2552A005BD470 /* Sources */ = {
			isa = PBXSourcesBuildPhase;
			buildActionMask = 2147483647;
			files = (
				3F05D98B21C2552A005BD470 /* ninethProjectSrollTests.swift in Sources */,
			);
			runOnlyForDeploymentPostprocessing = 0;
		};
		3F05D98D21C2552B005BD470 /* Sources */ = {
			isa = PBXSourcesBuildPhase;
			buildActionMask = 2147483647;
			files = (
				3F05D99621C2552B005BD470 /* ninethProjectSrollUITests.swift in Sources */,
			);
			runOnlyForDeploymentPostprocessing = 0;
		};
/* End PBXSourcesBuildPhase section */

/* Begin PBXTargetDependency section */
		3F05D98821C2552A005BD470 /* PBXTargetDependency */ = {
			isa = PBXTargetDependency;
			target = 3F05D97121C25529005BD470 /* ninethProjectSroll */;
			targetProxy = 3F05D98721C2552A005BD470 /* PBXContainerItemProxy */;
		};
		3F05D99321C2552B005BD470 /* PBXTargetDependency */ = {
			isa = PBXTargetDependency;
			target = 3F05D97121C25529005BD470 /* ninethProjectSroll */;
			targetProxy = 3F05D99221C2552B005BD470 /* PBXContainerItemProxy */;
		};
/* End PBXTargetDependency section */

/* Begin PBXVariantGroup section */
		3F05D97921C25529005BD470 /* Main.storyboard */ = {
			isa = PBXVariantGroup;
			children = (
				3F05D97A21C25529005BD470 /* Base */,
			);
			name = Main.storyboard;
			sourceTree = "<group>";
		};
		3F05D97E21C2552A005BD470 /* LaunchScreen.storyboard */ = {
			isa = PBXVariantGroup;
			children = (
				3F05D97F21C2552A005BD470 /* Base */,
			);
			name = LaunchScreen.storyboard;
			sourceTree = "<group>";
		};
/* End PBXVariantGroup section */

/* Begin XCBuildConfiguration section */
		3F05D99821C2552B005BD470 /* Debug */ = {
			isa = XCBuildConfiguration;
			buildSettings = {
				ALWAYS_SEARCH_USER_PATHS = NO;
				CLANG_ANALYZER_NONNULL = YES;
				CLANG_ANALYZER_NUMBER_OBJECT_CONVERSION = YES_AGGRESSIVE;
				CLANG_CXX_LANGUAGE_STANDARD = "gnu++14";
				CLANG_CXX_LIBRARY = "libc++";
				CLANG_ENABLE_MODULES = YES;
				CLANG_ENABLE_OBJC_ARC = YES;
				CLANG_ENABLE_OBJC_WEAK = YES;
				CLANG_WARN_BLOCK_CAPTURE_AUTORELEASING = YES;
				CLANG_WARN_BOOL_CONVERSION = YES;
				CLANG_WARN_COMMA = YES;
				CLANG_WARN_CONSTANT_CONVERSION = YES;
				CLANG_WARN_DEPRECATED_OBJC_IMPLEMENTATIONS = YES;
				CLANG_WARN_DIRECT_OBJC_ISA_USAGE = YES_ERROR;
				CLANG_WARN_DOCUMENTATION_COMMENTS = YES;
				CLANG_WARN_EMPTY_BODY = YES;
				CLANG_WARN_ENUM_CONVERSION = YES;
				CLANG_WARN_INFINITE_RECURSION = YES;
				CLANG_WARN_INT_CONVERSION = YES;
				CLANG_WARN_NON_LITERAL_NULL_CONVERSION = YES;
				CLANG_WARN_OBJC_IMPLICIT_RETAIN_SELF = YES;
				CLANG_WARN_OBJC_LITERAL_CONVERSION = YES;
				CLANG_WARN_OBJC_ROOT_CLASS = YES_ERROR;
				CLANG_WARN_RANGE_LOOP_ANALYSIS = YES;
				CLANG_WARN_STRICT_PROTOTYPES = YES;
				CLANG_WARN_SUSPICIOUS_MOVE = YES;
				CLANG_WARN_UNGUARDED_AVAILABILITY = YES_AGGRESSIVE;
				CLANG_WARN_UNREACHABLE_CODE = YES;
				CLANG_WARN__DUPLICATE_METHOD_MATCH = YES;
				CODE_SIGN_IDENTITY = "iPhone Developer";
				COPY_PHASE_STRIP = NO;
				DEBUG_INFORMATION_FORMAT = dwarf;
				ENABLE_STRICT_OBJC_MSGSEND = YES;
				ENABLE_TESTABILITY = YES;
				GCC_C_LANGUAGE_STANDARD = gnu11;
				GCC_DYNAMIC_NO_PIC = NO;
				GCC_NO_COMMON_BLOCKS = YES;
				GCC_OPTIMIZATION_LEVEL = 0;
				GCC_PREPROCESSOR_DEFINITIONS = (
					"DEBUG=1",
					"$(inherited)",
				);
				GCC_WARN_64_TO_32_BIT_CONVERSION = YES;
				GCC_WARN_ABOUT_RETURN_TYPE = YES_ERROR;
				GCC_WARN_UNDECLARED_SELECTOR = YES;
				GCC_WARN_UNINITIALIZED_AUTOS = YES_AGGRESSIVE;
				GCC_WARN_UNUSED_FUNCTION = YES;
				GCC_WARN_UNUSED_VARIABLE = YES;
				IPHONEOS_DEPLOYMENT_TARGET = 12.0;
				MTL_ENABLE_DEBUG_INFO = INCLUDE_SOURCE;
				MTL_FAST_MATH = YES;
				ONLY_ACTIVE_ARCH = YES;
				SDKROOT = iphoneos;
				SWIFT_ACTIVE_COMPILATION_CONDITIONS = DEBUG;
				SWIFT_OPTIMIZATION_LEVEL = "-Onone";
			};
			name = Debug;
		};
		3F05D99921C2552B005BD470 /* Release */ = {
			isa = XCBuildConfiguration;
			buildSettings = {
				ALWAYS_SEARCH_USER_PATHS = NO;
				CLANG_ANALYZER_NONNULL = YES;
				CLANG_ANALYZER_NUMBER_OBJECT_CONVERSION = YES_AGGRESSIVE;
				CLANG_CXX_LANGUAGE_STANDARD = "gnu++14";
				CLANG_CXX_LIBRARY = "libc++";
				CLANG_ENABLE_MODULES = YES;
				CLANG_ENABLE_OBJC_ARC = YES;
				CLANG_ENABLE_OBJC_WEAK = YES;
				CLANG_WARN_BLOCK_CAPTURE_AUTORELEASING = YES;
				CLANG_WARN_BOOL_CONVERSION = YES;
				CLANG_WARN_COMMA = YES;
				CLANG_WARN_CONSTANT_CONVERSION = YES;
				CLANG_WARN_DEPRECATED_OBJC_IMPLEMENTATIONS = YES;
				CLANG_WARN_DIRECT_OBJC_ISA_USAGE = YES_ERROR;
				CLANG_WARN_DOCUMENTATION_COMMENTS = YES;
				CLANG_WARN_EMPTY_BODY = YES;
				CLANG_WARN_ENUM_CONVERSION = YES;
				CLANG_WARN_INFINITE_RECURSION = YES;
				CLANG_WARN_INT_CONVERSION = YES;
				CLANG_WARN_NON_LITERAL_NULL_CONVERSION = YES;
				CLANG_WARN_OBJC_IMPLICIT_RETAIN_SELF = YES;
				CLANG_WARN_OBJC_LITERAL_CONVERSION = YES;
				CLANG_WARN_OBJC_ROOT_CLASS = YES_ERROR;
				CLANG_WARN_RANGE_LOOP_ANALYSIS = YES;
				CLANG_WARN_STRICT_PROTOTYPES = YES;
				CLANG_WARN_SUSPICIOUS_MOVE = YES;
				CLANG_WARN_UNGUARDED_AVAILABILITY = YES_AGGRESSIVE;
				CLANG_WARN_UNREACHABLE_CODE = YES;
				CLANG_WARN__DUPLICATE_METHOD_MATCH = YES;
				CODE_SIGN_IDENTITY = "iPhone Developer";
				COPY_PHASE_STRIP = NO;
				DEBUG_INFORMATION_FORMAT = "dwarf-with-dsym";
				ENABLE_NS_ASSERTIONS = NO;
				ENABLE_STRICT_OBJC_MSGSEND = YES;
				GCC_C_LANGUAGE_STANDARD = gnu11;
				GCC_NO_COMMON_BLOCKS = YES;
				GCC_WARN_64_TO_32_BIT_CONVERSION = YES;
				GCC_WARN_ABOUT_RETURN_TYPE = YES_ERROR;
				GCC_WARN_UNDECLARED_SELECTOR = YES;
				GCC_WARN_UNINITIALIZED_AUTOS = YES_AGGRESSIVE;
				GCC_WARN_UNUSED_FUNCTION = YES;
				GCC_WARN_UNUSED_VARIABLE = YES;
				IPHONEOS_DEPLOYMENT_TARGET = 12.0;
				MTL_ENABLE_DEBUG_INFO = NO;
				MTL_FAST_MATH = YES;
				SDKROOT = iphoneos;
				SWIFT_COMPILATION_MODE = wholemodule;
				SWIFT_OPTIMIZATION_LEVEL = "-O";
				VALIDATE_PRODUCT = YES;
			};
			name = Release;
		};
		3F05D99B21C2552B005BD470 /* Debug */ = {
			isa = XCBuildConfiguration;
			buildSettings = {
				ASSETCATALOG_COMPILER_APPICON_NAME = AppIcon;
				CODE_SIGN_STYLE = Automatic;
				INFOPLIST_FILE = ninethProjectSroll/Info.plist;
				LD_RUNPATH_SEARCH_PATHS = (
					"$(inherited)",
					"@executable_path/Frameworks",
				);
				PRODUCT_BUNDLE_IDENTIFIER = "-016110304.ninethProjectSroll";
				PRODUCT_NAME = "$(TARGET_NAME)";
				SWIFT_VERSION = 4.2;
				TARGETED_DEVICE_FAMILY = "1,2";
			};
			name = Debug;
		};
		3F05D99C21C2552B005BD470 /* Release */ = {
			isa = XCBuildConfiguration;
			buildSettings = {
				ASSETCATALOG_COMPILER_APPICON_NAME = AppIcon;
				CODE_SIGN_STYLE = Automatic;
				INFOPLIST_FILE = ninethProjectSroll/Info.plist;
				LD_RUNPATH_SEARCH_PATHS = (
					"$(inherited)",
					"@executable_path/Frameworks",
				);
				PRODUCT_BUNDLE_IDENTIFIER = "-016110304.ninethProjectSroll";
				PRODUCT_NAME = "$(TARGET_NAME)";
				SWIFT_VERSION = 4.2;
				TARGETED_DEVICE_FAMILY = "1,2";
			};
			name = Release;
		};
		3F05D99E21C2552B005BD470 /* Debug */ = {
			isa = XCBuildConfiguration;
			buildSettings = {
				ALWAYS_EMBED_SWIFT_STANDARD_LIBRARIES = YES;
				BUNDLE_LOADER = "$(TEST_HOST)";
				CODE_SIGN_STYLE = Automatic;
				INFOPLIST_FILE = ninethProjectSrollTests/Info.plist;
				LD_RUNPATH_SEARCH_PATHS = (
					"$(inherited)",
					"@executable_path/Frameworks",
					"@loader_path/Frameworks",
				);
				PRODUCT_BUNDLE_IDENTIFIER = "-016110304.ninethProjectSrollTests";
				PRODUCT_NAME = "$(TARGET_NAME)";
				SWIFT_VERSION = 4.2;
				TARGETED_DEVICE_FAMILY = "1,2";
				TEST_HOST = "$(BUILT_PRODUCTS_DIR)/ninethProjectSroll.app/ninethProjectSroll";
			};
			name = Debug;
		};
		3F05D99F21C2552B005BD470 /* Release */ = {
			isa = XCBuildConfiguration;
			buildSettings = {
				ALWAYS_EMBED_SWIFT_STANDARD_LIBRARIES = YES;
				BUNDLE_LOADER = "$(TEST_HOST)";
				CODE_SIGN_STYLE = Automatic;
				INFOPLIST_FILE = ninethProjectSrollTests/Info.plist;
				LD_RUNPATH_SEARCH_PATHS = (
					"$(inherited)",
					"@executable_path/Frameworks",
					"@loader_path/Frameworks",
				);
				PRODUCT_BUNDLE_IDENTIFIER = "-016110304.ninethProjectSrollTests";
				PRODUCT_NAME = "$(TARGET_NAME)";
				SWIFT_VERSION = 4.2;
				TARGETED_DEVICE_FAMILY = "1,2";
				TEST_HOST = "$(BUILT_PRODUCTS_DIR)/ninethProjectSroll.app/ninethProjectSroll";
			};
			name = Release;
		};
		3F05D9A121C2552B005BD470 /* Debug */ = {
			isa = XCBuildConfiguration;
			buildSettings = {
				ALWAYS_EMBED_SWIFT_STANDARD_LIBRARIES = YES;
				CODE_SIGN_STYLE = Automatic;
				INFOPLIST_FILE = ninethProjectSrollUITests/Info.plist;
				LD_RUNPATH_SEARCH_PATHS = (
					"$(inherited)",
					"@executable_path/Frameworks",
					"@loader_path/Frameworks",
				);
				PRODUCT_BUNDLE_IDENTIFIER = "-016110304.ninethProjectSrollUITests";
				PRODUCT_NAME = "$(TARGET_NAME)";
				SWIFT_VERSION = 4.2;
				TARGETED_DEVICE_FAMILY = "1,2";
				TEST_TARGET_NAME = ninethProjectSroll;
			};
			name = Debug;
		};
		3F05D9A221C2552B005BD470 /* Release */ = {
			isa = XCBuildConfiguration;
			buildSettings = {
				ALWAYS_EMBED_SWIFT_STANDARD_LIBRARIES = YES;
				CODE_SIGN_STYLE = Automatic;
				INFOPLIST_FILE = ninethProjectSrollUITests/Info.plist;
				LD_RUNPATH_SEARCH_PATHS = (
					"$(inherited)",
					"@executable_path/Frameworks",
					"@loader_path/Frameworks",
				);
				PRODUCT_BUNDLE_IDENTIFIER = "-016110304.ninethProjectSrollUITests";
				PRODUCT_NAME = "$(TARGET_NAME)";
				SWIFT_VERSION = 4.2;
				TARGETED_DEVICE_FAMILY = "1,2";
				TEST_TARGET_NAME = ninethProjectSroll;
			};
			name = Release;
		};
/* End XCBuildConfiguration section */

/* Begin XCConfigurationList section */
		3F05D96D21C25529005BD470 /* Build configuration list for PBXProject "ninethProjectSroll" */ = {
			isa = XCConfigurationList;
			buildConfigurations = (
				3F05D99821C2552B005BD470 /* Debug */,
				3F05D99921C2552B005BD470 /* Release */,
			);
			defaultConfigurationIsVisible = 0;
			defaultConfigurationName = Release;
		};
		3F05D99A21C2552B005BD470 /* Build configuration list for PBXNativeTarget "ninethProjectSroll" */ = {
			isa = XCConfigurationList;
			buildConfigurations = (
				3F05D99B21C2552B005BD470 /* Debug */,
				3F05D99C21C2552B005BD470 /* Release */,
			);
			defaultConfigurationIsVisible = 0;
			defaultConfigurationName = Release;
		};
		3F05D99D21C2552B005BD470 /* Build configuration list for PBXNativeTarget "ninethProjectSrollTests" */ = {
			isa = XCConfigurationList;
			buildConfigurations = (
				3F05D99E21C2552B005BD470 /* Debug */,
				3F05D99F21C2552B005BD470 /* Release */,
			);
			defaultConfigurationIsVisible = 0;
			defaultConfigurationName = Release;
		};
		3F05D9A021C2552B005BD470 /* Build configuration list for PBXNativeTarget "ninethProjectSrollUITests" */ = {
			isa = XCConfigurationList;
			buildConfigurations = (
				3F05D9A121C2552B005BD470 /* Debug */,
				3F05D9A221C2552B005BD470 /* Release */,
			);
			defaultConfigurationIsVisible = 0;
			defaultConfigurationName = Release;
		};
/* End XCConfigurationList section */
	};
	rootObject = 3F05D96A21C25529005BD470 /* Project object */;
}
