// !$*UTF8*$!
{
	archiveVersion = 1;
	classes = {
	};
	objectVersion = 50;
	objects = {

/* Begin PBXBuildFile section */
		3F01511721BB965A00961044 /* AppDelegate.swift in Sources */ = {isa = PBXBuildFile; fileRef = 3F01511621BB965A00961044 /* AppDelegate.swift */; };
		3F01511921BB965A00961044 /* ViewController.swift in Sources */ = {isa = PBXBuildFile; fileRef = 3F01511821BB965A00961044 /* ViewController.swift */; };
		3F01511C21BB965A00961044 /* Main.storyboard in Resources */ = {isa = PBXBuildFile; fileRef = 3F01511A21BB965A00961044 /* Main.storyboard */; };
		3F01511F21BB965A00961044 /* sixthProjectSecondMission.xcdatamodeld in Sources */ = {isa = PBXBuildFile; fileRef = 3F01511D21BB965A00961044 /* sixthProjectSecondMission.xcdatamodeld */; };
		3F01512121BB965B00961044 /* Assets.xcassets in Resources */ = {isa = PBXBuildFile; fileRef = 3F01512021BB965B00961044 /* Assets.xcassets */; };
		3F01512421BB965B00961044 /* LaunchScreen.storyboard in Resources */ = {isa = PBXBuildFile; fileRef = 3F01512221BB965B00961044 /* LaunchScreen.storyboard */; };
/* End PBXBuildFile section */

/* Begin PBXFileReference section */
		3F01511321BB965A00961044 /* sixthProjectSecondMission.app */ = {isa = PBXFileReference; explicitFileType = wrapper.application; includeInIndex = 0; path = sixthProjectSecondMission.app; sourceTree = BUILT_PRODUCTS_DIR; };
		3F01511621BB965A00961044 /* AppDelegate.swift */ = {isa = PBXFileReference; lastKnownFileType = sourcecode.swift; path = AppDelegate.swift; sourceTree = "<group>"; };
		3F01511821BB965A00961044 /* ViewController.swift */ = {isa = PBXFileReference; lastKnownFileType = sourcecode.swift; path = ViewController.swift; sourceTree = "<group>"; };
		3F01511B21BB965A00961044 /* Base */ = {isa = PBXFileReference; lastKnownFileType = file.storyboard; name = Base; path = Base.lproj/Main.storyboard; sourceTree = "<group>"; };
		3F01511E21BB965A00961044 /* sixthProjectSecondMission.xcdatamodel */ = {isa = PBXFileReference; lastKnownFileType = wrapper.xcdatamodel; path = sixthProjectSecondMission.xcdatamodel; sourceTree = "<group>"; };
		3F01512021BB965B00961044 /* Assets.xcassets */ = {isa = PBXFileReference; lastKnownFileType = folder.assetcatalog; path = Assets.xcassets; sourceTree = "<group>"; };
		3F01512321BB965B00961044 /* Base */ = {isa = PBXFileReference; lastKnownFileType = file.storyboard; name = Base; path = Base.lproj/LaunchScreen.storyboard; sourceTree = "<group>"; };
		3F01512521BB965B00961044 /* Info.plist */ = {isa = PBXFileReference; lastKnownFileType = text.plist.xml; path = Info.plist; sourceTree = "<group>"; };
/* End PBXFileReference section */

/* Begin PBXFrameworksBuildPhase section */
		3F01511021BB965900961044 /* Frameworks */ = {
			isa = PBXFrameworksBuildPhase;
			buildActionMask = 2147483647;
			files = (
			);
			runOnlyForDeploymentPostprocessing = 0;
		};
/* End PBXFrameworksBuildPhase section */

/* Begin PBXGroup section */
		3F01510A21BB965900961044 = {
			isa = PBXGroup;
			children = (
				3F01511521BB965A00961044 /* sixthProjectSecondMission */,
				3F01511421BB965A00961044 /* Products */,
			);
			sourceTree = "<group>";
		};
		3F01511421BB965A00961044 /* Products */ = {
			isa = PBXGroup;
			children = (
				3F01511321BB965A00961044 /* sixthProjectSecondMission.app */,
			);
			name = Products;
			sourceTree = "<group>";
		};
		3F01511521BB965A00961044 /* sixthProjectSecondMission */ = {
			isa = PBXGroup;
			children = (
				3F01511621BB965A00961044 /* AppDelegate.swift */,
				3F01511821BB965A00961044 /* ViewController.swift */,
				3F01511A21BB965A00961044 /* Main.storyboard */,
				3F01512021BB965B00961044 /* Assets.xcassets */,
				3F01512221BB965B00961044 /* LaunchScreen.storyboard */,
				3F01512521BB965B00961044 /* Info.plist */,
				3F01511D21BB965A00961044 /* sixthProjectSecondMission.xcdatamodeld */,
			);
			path = sixthProjectSecondMission;
			sourceTree = "<group>";
		};
/* End PBXGroup section */

/* Begin PBXNativeTarget section */
		3F01511221BB965900961044 /* sixthProjectSecondMission */ = {
			isa = PBXNativeTarget;
			buildConfigurationList = 3F01512821BB965B00961044 /* Build configuration list for PBXNativeTarget "sixthProjectSecondMission" */;
			buildPhases = (
				3F01510F21BB965900961044 /* Sources */,
				3F01511021BB965900961044 /* Frameworks */,
				3F01511121BB965900961044 /* Resources */,
			);
			buildRules = (
			);
			dependencies = (
			);
			name = sixthProjectSecondMission;
			productName = sixthProjectSecondMission;
			productReference = 3F01511321BB965A00961044 /* sixthProjectSecondMission.app */;
			productType = "com.apple.product-type.application";
		};
/* End PBXNativeTarget section */

/* Begin PBXProject section */
		3F01510B21BB965900961044 /* Project object */ = {
			isa = PBXProject;
			attributes = {
				LastSwiftUpdateCheck = 1000;
				LastUpgradeCheck = 1000;
				ORGANIZATIONNAME = dw;
				TargetAttributes = {
					3F01511221BB965900961044 = {
						CreatedOnToolsVersion = 10.0;
					};
				};
			};
			buildConfigurationList = 3F01510E21BB965900961044 /* Build configuration list for PBXProject "sixthProjectSecondMission" */;
			compatibilityVersion = "Xcode 9.3";
			developmentRegion = en;
			hasScannedForEncodings = 0;
			knownRegions = (
				en,
				Base,
			);
			mainGroup = 3F01510A21BB965900961044;
			productRefGroup = 3F01511421BB965A00961044 /* Products */;
			projectDirPath = "";
			projectRoot = "";
			targets = (
				3F01511221BB965900961044 /* sixthProjectSecondMission */,
			);
		};
/* End PBXProject section */

/* Begin PBXResourcesBuildPhase section */
		3F01511121BB965900961044 /* Resources */ = {
			isa = PBXResourcesBuildPhase;
			buildActionMask = 2147483647;
			files = (
				3F01512421BB965B00961044 /* LaunchScreen.storyboard in Resources */,
				3F01512121BB965B00961044 /* Assets.xcassets in Resources */,
				3F01511C21BB965A00961044 /* Main.storyboard in Resources */,
			);
			runOnlyForDeploymentPostprocessing = 0;
		};
/* End PBXResourcesBuildPhase section */

/* Begin PBXSourcesBuildPhase section */
		3F01510F21BB965900961044 /* Sources */ = {
			isa = PBXSourcesBuildPhase;
			buildActionMask = 2147483647;
			files = (
				3F01511921BB965A00961044 /* ViewController.swift in Sources */,
				3F01511F21BB965A00961044 /* sixthProjectSecondMission.xcdatamodeld in Sources */,
				3F01511721BB965A00961044 /* AppDelegate.swift in Sources */,
			);
			runOnlyForDeploymentPostprocessing = 0;
		};
/* End PBXSourcesBuildPhase section */

/* Begin PBXVariantGroup section */
		3F01511A21BB965A00961044 /* Main.storyboard */ = {
			isa = PBXVariantGroup;
			children = (
				3F01511B21BB965A00961044 /* Base */,
			);
			name = Main.storyboard;
			sourceTree = "<group>";
		};
		3F01512221BB965B00961044 /* LaunchScreen.storyboard */ = {
			isa = PBXVariantGroup;
			children = (
				3F01512321BB965B00961044 /* Base */,
			);
			name = LaunchScreen.storyboard;
			sourceTree = "<group>";
		};
/* End PBXVariantGroup section */

/* Begin XCBuildConfiguration section */
		3F01512621BB965B00961044 /* Debug */ = {
			isa = XCBuildConfiguration;
			buildSettings = {
				ALWAYS_SEARCH_USER_PATHS = NO;
				CLANG_ANALYZER_NONNULL = YES;
				CLANG_ANALYZER_NUMBER_OBJECT_CONVERSION = YES_AGGRESSIVE;
				CLANG_CXX_LANGUAGE_STANDARD = "gnu++14";
				CLANG_CXX_LIBRARY = "libc++";
				CLANG_ENABLE_MODULES = YES;
				CLANG_ENABLE_OBJC_ARC = YES;
				CLANG_ENABLE_OBJC_WEAK = YES;
				CLANG_WARN_BLOCK_CAPTURE_AUTORELEASING = YES;
				CLANG_WARN_BOOL_CONVERSION = YES;
				CLANG_WARN_COMMA = YES;
				CLANG_WARN_CONSTANT_CONVERSION = YES;
				CLANG_WARN_DEPRECATED_OBJC_IMPLEMENTATIONS = YES;
				CLANG_WARN_DIRECT_OBJC_ISA_USAGE = YES_ERROR;
				CLANG_WARN_DOCUMENTATION_COMMENTS = YES;
				CLANG_WARN_EMPTY_BODY = YES;
				CLANG_WARN_ENUM_CONVERSION = YES;
				CLANG_WARN_INFINITE_RECURSION = YES;
				CLANG_WARN_INT_CONVERSION = YES;
				CLANG_WARN_NON_LITERAL_NULL_CONVERSION = YES;
				CLANG_WARN_OBJC_IMPLICIT_RETAIN_SELF = YES;
				CLANG_WARN_OBJC_LITERAL_CONVERSION = YES;
				CLANG_WARN_OBJC_ROOT_CLASS = YES_ERROR;
				CLANG_WARN_RANGE_LOOP_ANALYSIS = YES;
				CLANG_WARN_STRICT_PROTOTYPES = YES;
				CLANG_WARN_SUSPICIOUS_MOVE = YES;
				CLANG_WARN_UNGUARDED_AVAILABILITY = YES_AGGRESSIVE;
				CLANG_WARN_UNREACHABLE_CODE = YES;
				CLANG_WARN__DUPLICATE_METHOD_MATCH = YES;
				CODE_SIGN_IDENTITY = "iPhone Developer";
				COPY_PHASE_STRIP = NO;
				DEBUG_INFORMATION_FORMAT = dwarf;
				ENABLE_STRICT_OBJC_MSGSEND = YES;
				ENABLE_TESTABILITY = YES;
				GCC_C_LANGUAGE_STANDARD = gnu11;
				GCC_DYNAMIC_NO_PIC = NO;
				GCC_NO_COMMON_BLOCKS = YES;
				GCC_OPTIMIZATION_LEVEL = 0;
				GCC_PREPROCESSOR_DEFINITIONS = (
					"DEBUG=1",
					"$(inherited)",
				);
				GCC_WARN_64_TO_32_BIT_CONVERSION = YES;
				GCC_WARN_ABOUT_RETURN_TYPE = YES_ERROR;
				GCC_WARN_UNDECLARED_SELECTOR = YES;
				GCC_WARN_UNINITIALIZED_AUTOS = YES_AGGRESSIVE;
				GCC_WARN_UNUSED_FUNCTION = YES;
				GCC_WARN_UNUSED_VARIABLE = YES;
				IPHONEOS_DEPLOYMENT_TARGET = 12.0;
				MTL_ENABLE_DEBUG_INFO = INCLUDE_SOURCE;
				MTL_FAST_MATH = YES;
				ONLY_ACTIVE_ARCH = YES;
				SDKROOT = iphoneos;
				SWIFT_ACTIVE_COMPILATION_CONDITIONS = DEBUG;
				SWIFT_OPTIMIZATION_LEVEL = "-Onone";
			};
			name = Debug;
		};
		3F01512721BB965B00961044 /* Release */ = {
			isa = XCBuildConfiguration;
			buildSettings = {
				ALWAYS_SEARCH_USER_PATHS = NO;
				CLANG_ANALYZER_NONNULL = YES;
				CLANG_ANALYZER_NUMBER_OBJECT_CONVERSION = YES_AGGRESSIVE;
				CLANG_CXX_LANGUAGE_STANDARD = "gnu++14";
				CLANG_CXX_LIBRARY = "libc++";
				CLANG_ENABLE_MODULES = YES;
				CLANG_ENABLE_OBJC_ARC = YES;
				CLANG_ENABLE_OBJC_WEAK = YES;
				CLANG_WARN_BLOCK_CAPTURE_AUTORELEASING = YES;
				CLANG_WARN_BOOL_CONVERSION = YES;
				CLANG_WARN_COMMA = YES;
				CLANG_WARN_CONSTANT_CONVERSION = YES;
				CLANG_WARN_DEPRECATED_OBJC_IMPLEMENTATIONS = YES;
				CLANG_WARN_DIRECT_OBJC_ISA_USAGE = YES_ERROR;
				CLANG_WARN_DOCUMENTATION_COMMENTS = YES;
				CLANG_WARN_EMPTY_BODY = YES;
				CLANG_WARN_ENUM_CONVERSION = YES;
				CLANG_WARN_INFINITE_RECURSION = YES;
				CLANG_WARN_INT_CONVERSION = YES;
				CLANG_WARN_NON_LITERAL_NULL_CONVERSION = YES;
				CLANG_WARN_OBJC_IMPLICIT_RETAIN_SELF = YES;
				CLANG_WARN_OBJC_LITERAL_CONVERSION = YES;
				CLANG_WARN_OBJC_ROOT_CLASS = YES_ERROR;
				CLANG_WARN_RANGE_LOOP_ANALYSIS = YES;
				CLANG_WARN_STRICT_PROTOTYPES = YES;
				CLANG_WARN_SUSPICIOUS_MOVE = YES;
				CLANG_WARN_UNGUARDED_AVAILABILITY = YES_AGGRESSIVE;
				CLANG_WARN_UNREACHABLE_CODE = YES;
				CLANG_WARN__DUPLICATE_METHOD_MATCH = YES;
				CODE_SIGN_IDENTITY = "iPhone Developer";
				COPY_PHASE_STRIP = NO;
				DEBUG_INFORMATION_FORMAT = "dwarf-with-dsym";
				ENABLE_NS_ASSERTIONS = NO;
				ENABLE_STRICT_OBJC_MSGSEND = YES;
				GCC_C_LANGUAGE_STANDARD = gnu11;
				GCC_NO_COMMON_BLOCKS = YES;
				GCC_WARN_64_TO_32_BIT_CONVERSION = YES;
				GCC_WARN_ABOUT_RETURN_TYPE = YES_ERROR;
				GCC_WARN_UNDECLARED_SELECTOR = YES;
				GCC_WARN_UNINITIALIZED_AUTOS = YES_AGGRESSIVE;
				GCC_WARN_UNUSED_FUNCTION = YES;
				GCC_WARN_UNUSED_VARIABLE = YES;
				IPHONEOS_DEPLOYMENT_TARGET = 12.0;
				MTL_ENABLE_DEBUG_INFO = NO;
				MTL_FAST_MATH = YES;
				SDKROOT = iphoneos;
				SWIFT_COMPILATION_MODE = wholemodule;
				SWIFT_OPTIMIZATION_LEVEL = "-O";
				VALIDATE_PRODUCT = YES;
			};
			name = Release;
		};
		3F01512921BB965B00961044 /* Debug */ = {
			isa = XCBuildConfiguration;
			buildSettings = {
				ASSETCATALOG_COMPILER_APPICON_NAME = AppIcon;
				CODE_SIGN_STYLE = Automatic;
				INFOPLIST_FILE = sixthProjectSecondMission/Info.plist;
				LD_RUNPATH_SEARCH_PATHS = (
					"$(inherited)",
					"@executable_path/Frameworks",
				);
				PRODUCT_BUNDLE_IDENTIFIER = "-016110304.sixthProjectSecondMission";
				PRODUCT_NAME = "$(TARGET_NAME)";
				SWIFT_VERSION = 4.2;
				TARGETED_DEVICE_FAMILY = "1,2";
			};
			name = Debug;
		};
		3F01512A21BB965B00961044 /* Release */ = {
			isa = XCBuildConfiguration;
			buildSettings = {
				ASSETCATALOG_COMPILER_APPICON_NAME = AppIcon;
				CODE_SIGN_STYLE = Automatic;
				INFOPLIST_FILE = sixthProjectSecondMission/Info.plist;
				LD_RUNPATH_SEARCH_PATHS = (
					"$(inherited)",
					"@executable_path/Frameworks",
				);
				PRODUCT_BUNDLE_IDENTIFIER = "-016110304.sixthProjectSecondMission";
				PRODUCT_NAME = "$(TARGET_NAME)";
				SWIFT_VERSION = 4.2;
				TARGETED_DEVICE_FAMILY = "1,2";
			};
			name = Release;
		};
/* End XCBuildConfiguration section */

/* Begin XCConfigurationList section */
		3F01510E21BB965900961044 /* Build configuration list for PBXProject "sixthProjectSecondMission" */ = {
			isa = XCConfigurationList;
			buildConfigurations = (
				3F01512621BB965B00961044 /* Debug */,
				3F01512721BB965B00961044 /* Release */,
			);
			defaultConfigurationIsVisible = 0;
			defaultConfigurationName = Release;
		};
		3F01512821BB965B00961044 /* Build configuration list for PBXNativeTarget "sixthProjectSecondMission" */ = {
			isa = XCConfigurationList;
			buildConfigurations = (
				3F01512921BB965B00961044 /* Debug */,
				3F01512A21BB965B00961044 /* Release */,
			);
			defaultConfigurationIsVisible = 0;
			defaultConfigurationName = Release;
		};
/* End XCConfigurationList section */

/* Begin XCVersionGroup section */
		3F01511D21BB965A00961044 /* sixthProjectSecondMission.xcdatamodeld */ = {
			isa = XCVersionGroup;
			children = (
				3F01511E21BB965A00961044 /* sixthProjectSecondMission.xcdatamodel */,
			);
			currentVersion = 3F01511E21BB965A00961044 /* sixthProjectSecondMission.xcdatamodel */;
			path = sixthProjectSecondMission.xcdatamodeld;
			sourceTree = "<group>";
			versionGroupType = wrapper.xcdatamodel;
		};
/* End XCVersionGroup section */
	};
	rootObject = 3F01510B21BB965900961044 /* Project object */;
}
