// !$*UTF8*$!
{
	archiveVersion = 1;
	classes = {
	};
	objectVersion = 50;
	objects = {

/* Begin PBXBuildFile section */
		3F05561E21BBAEEB00A01AB3 /* AppDelegate.swift in Sources */ = {isa = PBXBuildFile; fileRef = 3F05561D21BBAEEB00A01AB3 /* AppDelegate.swift */; };
		3F05562021BBAEEB00A01AB3 /* ViewController.swift in Sources */ = {isa = PBXBuildFile; fileRef = 3F05561F21BBAEEB00A01AB3 /* ViewController.swift */; };
		3F05562321BBAEEB00A01AB3 /* Main.storyboard in Resources */ = {isa = PBXBuildFile; fileRef = 3F05562121BBAEEB00A01AB3 /* Main.storyboard */; };
		3F05562621BBAEEB00A01AB3 /* eightProject.xcdatamodeld in Sources */ = {isa = PBXBuildFile; fileRef = 3F05562421BBAEEB00A01AB3 /* eightProject.xcdatamodeld */; };
		3F05562821BBAEEC00A01AB3 /* Assets.xcassets in Resources */ = {isa = PBXBuildFile; fileRef = 3F05562721BBAEEC00A01AB3 /* Assets.xcassets */; };
		3F05562B21BBAEEC00A01AB3 /* LaunchScreen.storyboard in Resources */ = {isa = PBXBuildFile; fileRef = 3F05562921BBAEEC00A01AB3 /* LaunchScreen.storyboard */; };
		3FFAA8E121C4AE9500BCBC34 /* person.swift in Sources */ = {isa = PBXBuildFile; fileRef = 3FFAA8E021C4AE9500BCBC34 /* person.swift */; };
/* End PBXBuildFile section */

/* Begin PBXFileReference section */
		3F05561A21BBAEEB00A01AB3 /* eightProject.app */ = {isa = PBXFileReference; explicitFileType = wrapper.application; includeInIndex = 0; path = eightProject.app; sourceTree = BUILT_PRODUCTS_DIR; };
		3F05561D21BBAEEB00A01AB3 /* AppDelegate.swift */ = {isa = PBXFileReference; lastKnownFileType = sourcecode.swift; path = AppDelegate.swift; sourceTree = "<group>"; };
		3F05561F21BBAEEB00A01AB3 /* ViewController.swift */ = {isa = PBXFileReference; lastKnownFileType = sourcecode.swift; path = ViewController.swift; sourceTree = "<group>"; };
		3F05562221BBAEEB00A01AB3 /* Base */ = {isa = PBXFileReference; lastKnownFileType = file.storyboard; name = Base; path = Base.lproj/Main.storyboard; sourceTree = "<group>"; };
		3F05562521BBAEEB00A01AB3 /* eightProject.xcdatamodel */ = {isa = PBXFileReference; lastKnownFileType = wrapper.xcdatamodel; path = eightProject.xcdatamodel; sourceTree = "<group>"; };
		3F05562721BBAEEC00A01AB3 /* Assets.xcassets */ = {isa = PBXFileReference; lastKnownFileType = folder.assetcatalog; path = Assets.xcassets; sourceTree = "<group>"; };
		3F05562A21BBAEEC00A01AB3 /* Base */ = {isa = PBXFileReference; lastKnownFileType = file.storyboard; name = Base; path = Base.lproj/LaunchScreen.storyboard; sourceTree = "<group>"; };
		3F05562C21BBAEEC00A01AB3 /* Info.plist */ = {isa = PBXFileReference; lastKnownFileType = text.plist.xml; path = Info.plist; sourceTree = "<group>"; };
		3FFAA8E021C4AE9500BCBC34 /* person.swift */ = {isa = PBXFileReference; lastKnownFileType = sourcecode.swift; path = person.swift; sourceTree = "<group>"; };
/* End PBXFileReference section */

/* Begin PBXFrameworksBuildPhase section */
		3F05561721BBAEEB00A01AB3 /* Frameworks */ = {
			isa = PBXFrameworksBuildPhase;
			buildActionMask = 2147483647;
			files = (
			);
			runOnlyForDeploymentPostprocessing = 0;
		};
/* End PBXFrameworksBuildPhase section */

/* Begin PBXGroup section */
		3F05561121BBAEEB00A01AB3 = {
			isa = PBXGroup;
			children = (
				3F05561C21BBAEEB00A01AB3 /* eightProject */,
				3F05561B21BBAEEB00A01AB3 /* Products */,
			);
			sourceTree = "<group>";
		};
		3F05561B21BBAEEB00A01AB3 /* Products */ = {
			isa = PBXGroup;
			children = (
				3F05561A21BBAEEB00A01AB3 /* eightProject.app */,
			);
			name = Products;
			sourceTree = "<group>";
		};
		3F05561C21BBAEEB00A01AB3 /* eightProject */ = {
			isa = PBXGroup;
			children = (
				3F05561D21BBAEEB00A01AB3 /* AppDelegate.swift */,
				3F05561F21BBAEEB00A01AB3 /* ViewController.swift */,
				3F05562121BBAEEB00A01AB3 /* Main.storyboard */,
				3F05562721BBAEEC00A01AB3 /* Assets.xcassets */,
				3F05562921BBAEEC00A01AB3 /* LaunchScreen.storyboard */,
				3F05562C21BBAEEC00A01AB3 /* Info.plist */,
				3F05562421BBAEEB00A01AB3 /* eightProject.xcdatamodeld */,
				3FFAA8E021C4AE9500BCBC34 /* person.swift */,
			);
			path = eightProject;
			sourceTree = "<group>";
		};
/* End PBXGroup section */

/* Begin PBXNativeTarget section */
		3F05561921BBAEEB00A01AB3 /* eightProject */ = {
			isa = PBXNativeTarget;
			buildConfigurationList = 3F05562F21BBAEEC00A01AB3 /* Build configuration list for PBXNativeTarget "eightProject" */;
			buildPhases = (
				3F05561621BBAEEB00A01AB3 /* Sources */,
				3F05561721BBAEEB00A01AB3 /* Frameworks */,
				3F05561821BBAEEB00A01AB3 /* Resources */,
			);
			buildRules = (
			);
			dependencies = (
			);
			name = eightProject;
			productName = eightProject;
			productReference = 3F05561A21BBAEEB00A01AB3 /* eightProject.app */;
			productType = "com.apple.product-type.application";
		};
/* End PBXNativeTarget section */

/* Begin PBXProject section */
		3F05561221BBAEEB00A01AB3 /* Project object */ = {
			isa = PBXProject;
			attributes = {
				LastSwiftUpdateCheck = 1000;
				LastUpgradeCheck = 1000;
				ORGANIZATIONNAME = dw;
				TargetAttributes = {
					3F05561921BBAEEB00A01AB3 = {
						CreatedOnToolsVersion = 10.0;
					};
				};
			};
			buildConfigurationList = 3F05561521BBAEEB00A01AB3 /* Build configuration list for PBXProject "eightProject" */;
			compatibilityVersion = "Xcode 9.3";
			developmentRegion = en;
			hasScannedForEncodings = 0;
			knownRegions = (
				en,
				Base,
			);
			mainGroup = 3F05561121BBAEEB00A01AB3;
			productRefGroup = 3F05561B21BBAEEB00A01AB3 /* Products */;
			projectDirPath = "";
			projectRoot = "";
			targets = (
				3F05561921BBAEEB00A01AB3 /* eightProject */,
			);
		};
/* End PBXProject section */

/* Begin PBXResourcesBuildPhase section */
		3F05561821BBAEEB00A01AB3 /* Resources */ = {
			isa = PBXResourcesBuildPhase;
			buildActionMask = 2147483647;
			files = (
				3F05562B21BBAEEC00A01AB3 /* LaunchScreen.storyboard in Resources */,
				3F05562821BBAEEC00A01AB3 /* Assets.xcassets in Resources */,
				3F05562321BBAEEB00A01AB3 /* Main.storyboard in Resources */,
			);
			runOnlyForDeploymentPostprocessing = 0;
		};
/* End PBXResourcesBuildPhase section */

/* Begin PBXSourcesBuildPhase section */
		3F05561621BBAEEB00A01AB3 /* Sources */ = {
			isa = PBXSourcesBuildPhase;
			buildActionMask = 2147483647;
			files = (
				3F05562621BBAEEB00A01AB3 /* eightProject.xcdatamodeld in Sources */,
				3FFAA8E121C4AE9500BCBC34 /* person.swift in Sources */,
				3F05562021BBAEEB00A01AB3 /* ViewController.swift in Sources */,
				3F05561E21BBAEEB00A01AB3 /* AppDelegate.swift in Sources */,
			);
			runOnlyForDeploymentPostprocessing = 0;
		};
/* End PBXSourcesBuildPhase section */

/* Begin PBXVariantGroup section */
		3F05562121BBAEEB00A01AB3 /* Main.storyboard */ = {
			isa = PBXVariantGroup;
			children = (
				3F05562221BBAEEB00A01AB3 /* Base */,
			);
			name = Main.storyboard;
			sourceTree = "<group>";
		};
		3F05562921BBAEEC00A01AB3 /* LaunchScreen.storyboard */ = {
			isa = PBXVariantGroup;
			children = (
				3F05562A21BBAEEC00A01AB3 /* Base */,
			);
			name = LaunchScreen.storyboard;
			sourceTree = "<group>";
		};
/* End PBXVariantGroup section */

/* Begin XCBuildConfiguration section */
		3F05562D21BBAEEC00A01AB3 /* Debug */ = {
			isa = XCBuildConfiguration;
			buildSettings = {
				ALWAYS_SEARCH_USER_PATHS = NO;
				CLANG_ANALYZER_NONNULL = YES;
				CLANG_ANALYZER_NUMBER_OBJECT_CONVERSION = YES_AGGRESSIVE;
				CLANG_CXX_LANGUAGE_STANDARD = "gnu++14";
				CLANG_CXX_LIBRARY = "libc++";
				CLANG_ENABLE_MODULES = YES;
				CLANG_ENABLE_OBJC_ARC = YES;
				CLANG_ENABLE_OBJC_WEAK = YES;
				CLANG_WARN_BLOCK_CAPTURE_AUTORELEASING = YES;
				CLANG_WARN_BOOL_CONVERSION = YES;
				CLANG_WARN_COMMA = YES;
				CLANG_WARN_CONSTANT_CONVERSION = YES;
				CLANG_WARN_DEPRECATED_OBJC_IMPLEMENTATIONS = YES;
				CLANG_WARN_DIRECT_OBJC_ISA_USAGE = YES_ERROR;
				CLANG_WARN_DOCUMENTATION_COMMENTS = YES;
				CLANG_WARN_EMPTY_BODY = YES;
				CLANG_WARN_ENUM_CONVERSION = YES;
				CLANG_WARN_INFINITE_RECURSION = YES;
				CLANG_WARN_INT_CONVERSION = YES;
				CLANG_WARN_NON_LITERAL_NULL_CONVERSION = YES;
				CLANG_WARN_OBJC_IMPLICIT_RETAIN_SELF = YES;
				CLANG_WARN_OBJC_LITERAL_CONVERSION = YES;
				CLANG_WARN_OBJC_ROOT_CLASS = YES_ERROR;
				CLANG_WARN_RANGE_LOOP_ANALYSIS = YES;
				CLANG_WARN_STRICT_PROTOTYPES = YES;
				CLANG_WARN_SUSPICIOUS_MOVE = YES;
				CLANG_WARN_UNGUARDED_AVAILABILITY = YES_AGGRESSIVE;
				CLANG_WARN_UNREACHABLE_CODE = YES;
				CLANG_WARN__DUPLICATE_METHOD_MATCH = YES;
				CODE_SIGN_IDENTITY = "iPhone Developer";
				COPY_PHASE_STRIP = NO;
				DEBUG_INFORMATION_FORMAT = dwarf;
				ENABLE_STRICT_OBJC_MSGSEND = YES;
				ENABLE_TESTABILITY = YES;
				GCC_C_LANGUAGE_STANDARD = gnu11;
				GCC_DYNAMIC_NO_PIC = NO;
				GCC_NO_COMMON_BLOCKS = YES;
				GCC_OPTIMIZATION_LEVEL = 0;
				GCC_PREPROCESSOR_DEFINITIONS = (
					"DEBUG=1",
					"$(inherited)",
				);
				GCC_WARN_64_TO_32_BIT_CONVERSION = YES;
				GCC_WARN_ABOUT_RETURN_TYPE = YES_ERROR;
				GCC_WARN_UNDECLARED_SELECTOR = YES;
				GCC_WARN_UNINITIALIZED_AUTOS = YES_AGGRESSIVE;
				GCC_WARN_UNUSED_FUNCTION = YES;
				GCC_WARN_UNUSED_VARIABLE = YES;
				IPHONEOS_DEPLOYMENT_TARGET = 12.0;
				MTL_ENABLE_DEBUG_INFO = INCLUDE_SOURCE;
				MTL_FAST_MATH = YES;
				ONLY_ACTIVE_ARCH = YES;
				SDKROOT = iphoneos;
				SWIFT_ACTIVE_COMPILATION_CONDITIONS = DEBUG;
				SWIFT_OPTIMIZATION_LEVEL = "-Onone";
			};
			name = Debug;
		};
		3F05562E21BBAEEC00A01AB3 /* Release */ = {
			isa = XCBuildConfiguration;
			buildSettings = {
				ALWAYS_SEARCH_USER_PATHS = NO;
				CLANG_ANALYZER_NONNULL = YES;
				CLANG_ANALYZER_NUMBER_OBJECT_CONVERSION = YES_AGGRESSIVE;
				CLANG_CXX_LANGUAGE_STANDARD = "gnu++14";
				CLANG_CXX_LIBRARY = "libc++";
				CLANG_ENABLE_MODULES = YES;
				CLANG_ENABLE_OBJC_ARC = YES;
				CLANG_ENABLE_OBJC_WEAK = YES;
				CLANG_WARN_BLOCK_CAPTURE_AUTORELEASING = YES;
				CLANG_WARN_BOOL_CONVERSION = YES;
				CLANG_WARN_COMMA = YES;
				CLANG_WARN_CONSTANT_CONVERSION = YES;
				CLANG_WARN_DEPRECATED_OBJC_IMPLEMENTATIONS = YES;
				CLANG_WARN_DIRECT_OBJC_ISA_USAGE = YES_ERROR;
				CLANG_WARN_DOCUMENTATION_COMMENTS = YES;
				CLANG_WARN_EMPTY_BODY = YES;
				CLANG_WARN_ENUM_CONVERSION = YES;
				CLANG_WARN_INFINITE_RECURSION = YES;
				CLANG_WARN_INT_CONVERSION = YES;
				CLANG_WARN_NON_LITERAL_NULL_CONVERSION = YES;
				CLANG_WARN_OBJC_IMPLICIT_RETAIN_SELF = YES;
				CLANG_WARN_OBJC_LITERAL_CONVERSION = YES;
				CLANG_WARN_OBJC_ROOT_CLASS = YES_ERROR;
				CLANG_WARN_RANGE_LOOP_ANALYSIS = YES;
				CLANG_WARN_STRICT_PROTOTYPES = YES;
				CLANG_WARN_SUSPICIOUS_MOVE = YES;
				CLANG_WARN_UNGUARDED_AVAILABILITY = YES_AGGRESSIVE;
				CLANG_WARN_UNREACHABLE_CODE = YES;
				CLANG_WARN__DUPLICATE_METHOD_MATCH = YES;
				CODE_SIGN_IDENTITY = "iPhone Developer";
				COPY_PHASE_STRIP = NO;
				DEBUG_INFORMATION_FORMAT = "dwarf-with-dsym";
				ENABLE_NS_ASSERTIONS = NO;
				ENABLE_STRICT_OBJC_MSGSEND = YES;
				GCC_C_LANGUAGE_STANDARD = gnu11;
				GCC_NO_COMMON_BLOCKS = YES;
				GCC_WARN_64_TO_32_BIT_CONVERSION = YES;
				GCC_WARN_ABOUT_RETURN_TYPE = YES_ERROR;
				GCC_WARN_UNDECLARED_SELECTOR = YES;
				GCC_WARN_UNINITIALIZED_AUTOS = YES_AGGRESSIVE;
				GCC_WARN_UNUSED_FUNCTION = YES;
				GCC_WARN_UNUSED_VARIABLE = YES;
				IPHONEOS_DEPLOYMENT_TARGET = 12.0;
				MTL_ENABLE_DEBUG_INFO = NO;
				MTL_FAST_MATH = YES;
				SDKROOT = iphoneos;
				SWIFT_COMPILATION_MODE = wholemodule;
				SWIFT_OPTIMIZATION_LEVEL = "-O";
				VALIDATE_PRODUCT = YES;
			};
			name = Release;
		};
		3F05563021BBAEEC00A01AB3 /* Debug */ = {
			isa = XCBuildConfiguration;
			buildSettings = {
				ASSETCATALOG_COMPILER_APPICON_NAME = AppIcon;
				CODE_SIGN_STYLE = Automatic;
				INFOPLIST_FILE = eightProject/Info.plist;
				LD_RUNPATH_SEARCH_PATHS = (
					"$(inherited)",
					"@executable_path/Frameworks",
				);
				PRODUCT_BUNDLE_IDENTIFIER = "-016110304.eightProject";
				PRODUCT_NAME = "$(TARGET_NAME)";
				SWIFT_VERSION = 4.2;
				TARGETED_DEVICE_FAMILY = "1,2";
			};
			name = Debug;
		};
		3F05563121BBAEEC00A01AB3 /* Release */ = {
			isa = XCBuildConfiguration;
			buildSettings = {
				ASSETCATALOG_COMPILER_APPICON_NAME = AppIcon;
				CODE_SIGN_STYLE = Automatic;
				INFOPLIST_FILE = eightProject/Info.plist;
				LD_RUNPATH_SEARCH_PATHS = (
					"$(inherited)",
					"@executable_path/Frameworks",
				);
				PRODUCT_BUNDLE_IDENTIFIER = "-016110304.eightProject";
				PRODUCT_NAME = "$(TARGET_NAME)";
				SWIFT_VERSION = 4.2;
				TARGETED_DEVICE_FAMILY = "1,2";
			};
			name = Release;
		};
/* End XCBuildConfiguration section */

/* Begin XCConfigurationList section */
		3F05561521BBAEEB00A01AB3 /* Build configuration list for PBXProject "eightProject" */ = {
			isa = XCConfigurationList;
			buildConfigurations = (
				3F05562D21BBAEEC00A01AB3 /* Debug */,
				3F05562E21BBAEEC00A01AB3 /* Release */,
			);
			defaultConfigurationIsVisible = 0;
			defaultConfigurationName = Release;
		};
		3F05562F21BBAEEC00A01AB3 /* Build configuration list for PBXNativeTarget "eightProject" */ = {
			isa = XCConfigurationList;
			buildConfigurations = (
				3F05563021BBAEEC00A01AB3 /* Debug */,
				3F05563121BBAEEC00A01AB3 /* Release */,
			);
			defaultConfigurationIsVisible = 0;
			defaultConfigurationName = Release;
		};
/* End XCConfigurationList section */

/* Begin XCVersionGroup section */
		3F05562421BBAEEB00A01AB3 /* eightProject.xcdatamodeld */ = {
			isa = XCVersionGroup;
			children = (
				3F05562521BBAEEB00A01AB3 /* eightProject.xcdatamodel */,
			);
			currentVersion = 3F05562521BBAEEB00A01AB3 /* eightProject.xcdatamodel */;
			path = eightProject.xcdatamodeld;
			sourceTree = "<group>";
			versionGroupType = wrapper.xcdatamodel;
		};
/* End XCVersionGroup section */
	};
	rootObject = 3F05561221BBAEEB00A01AB3 /* Project object */;
}
